// !$*UTF8*$!
{
	archiveVersion = 1;
	classes = {
	};
	objectVersion = 56;
	objects = {

/* Begin PBXBuildFile section */
		D41470C52963BF2C00C5B336 /* b1900 Watch App.app in Embed Watch Content */ = {isa = PBXBuildFile; fileRef = D41470C42963BF2C00C5B336 /* b1900 Watch App.app */; settings = {ATTRIBUTES = (RemoveHeadersOnCopy, ); }; };
		D41470CA2963BF2C00C5B336 /* b1900App.swift in Sources */ = {isa = PBXBuildFile; fileRef = D41470C92963BF2C00C5B336 /* b1900App.swift */; };
		D41470CC2963BF2C00C5B336 /* ContentView.swift in Sources */ = {isa = PBXBuildFile; fileRef = D41470CB2963BF2C00C5B336 /* ContentView.swift */; };
		D41470CE2963BF2F00C5B336 /* Assets.xcassets in Resources */ = {isa = PBXBuildFile; fileRef = D41470CD2963BF2F00C5B336 /* Assets.xcassets */; };
		D41470D12963BF2F00C5B336 /* Preview Assets.xcassets in Resources */ = {isa = PBXBuildFile; fileRef = D41470D02963BF2F00C5B336 /* Preview Assets.xcassets */; };
		D41470DE2963C8FD00C5B336 /* AltimeterSettingSource.swift in Sources */ = {isa = PBXBuildFile; fileRef = D41470DC2963C8FC00C5B336 /* AltimeterSettingSource.swift */; };
		D41470DF2963C8FD00C5B336 /* AltitudeCorrection.swift in Sources */ = {isa = PBXBuildFile; fileRef = D41470DD2963C8FC00C5B336 /* AltitudeCorrection.swift */; };
		D41470E32963C9C000C5B336 /* TypeAliases.swift in Sources */ = {isa = PBXBuildFile; fileRef = D41470E02963C9C000C5B336 /* TypeAliases.swift */; };
		D41470E42963C9C000C5B336 /* StandardAtmosphere.swift in Sources */ = {isa = PBXBuildFile; fileRef = D41470E12963C9C000C5B336 /* StandardAtmosphere.swift */; };
		D41470E52963C9C000C5B336 /* UnitTemperatureLapseRate.swift in Sources */ = {isa = PBXBuildFile; fileRef = D41470E22963C9C000C5B336 /* UnitTemperatureLapseRate.swift */; };
		D41470EA2963CAF000C5B336 /* Nameable.swift in Sources */ = {isa = PBXBuildFile; fileRef = D41470E62963CAEF00C5B336 /* Nameable.swift */; };
		D41470EB2963CAF000C5B336 /* Plate.swift in Sources */ = {isa = PBXBuildFile; fileRef = D41470E72963CAEF00C5B336 /* Plate.swift */; };
		D41470EC2963CAF000C5B336 /* AltitudeRestriction.swift in Sources */ = {isa = PBXBuildFile; fileRef = D41470E82963CAEF00C5B336 /* AltitudeRestriction.swift */; };
		D41470ED2963CAF000C5B336 /* Restriction.swift in Sources */ = {isa = PBXBuildFile; fileRef = D41470E92963CAEF00C5B336 /* Restriction.swift */; };
		D41470EF2963CBAB00C5B336 /* ColdWeatherCorrection.swift in Sources */ = {isa = PBXBuildFile; fileRef = D41470EE2963CBAB00C5B336 /* ColdWeatherCorrection.swift */; };
/* End PBXBuildFile section */

/* Begin PBXContainerItemProxy section */
		D41470C62963BF2C00C5B336 /* PBXContainerItemProxy */ = {
			isa = PBXContainerItemProxy;
			containerPortal = D41470B82963BF2C00C5B336 /* Project object */;
			proxyType = 1;
			remoteGlobalIDString = D41470C32963BF2C00C5B336;
			remoteInfo = "b1900 Watch App";
		};
/* End PBXContainerItemProxy section */

/* Begin PBXCopyFilesBuildPhase section */
		D41470D72963BF2F00C5B336 /* Embed Watch Content */ = {
			isa = PBXCopyFilesBuildPhase;
			buildActionMask = 2147483647;
			dstPath = "$(CONTENTS_FOLDER_PATH)/Watch";
			dstSubfolderSpec = 16;
			files = (
				D41470C52963BF2C00C5B336 /* b1900 Watch App.app in Embed Watch Content */,
			);
			name = "Embed Watch Content";
			runOnlyForDeploymentPostprocessing = 0;
		};
/* End PBXCopyFilesBuildPhase section */

/* Begin PBXFileReference section */
		D41470BE2963BF2C00C5B336 /* b1900.app */ = {isa = PBXFileReference; explicitFileType = wrapper.application; includeInIndex = 0; path = b1900.app; sourceTree = BUILT_PRODUCTS_DIR; };
		D41470C42963BF2C00C5B336 /* b1900 Watch App.app */ = {isa = PBXFileReference; explicitFileType = wrapper.application; includeInIndex = 0; path = "b1900 Watch App.app"; sourceTree = BUILT_PRODUCTS_DIR; };
		D41470C92963BF2C00C5B336 /* b1900App.swift */ = {isa = PBXFileReference; lastKnownFileType = sourcecode.swift; path = b1900App.swift; sourceTree = "<group>"; };
		D41470CB2963BF2C00C5B336 /* ContentView.swift */ = {isa = PBXFileReference; lastKnownFileType = sourcecode.swift; path = ContentView.swift; sourceTree = "<group>"; };
		D41470CD2963BF2F00C5B336 /* Assets.xcassets */ = {isa = PBXFileReference; lastKnownFileType = folder.assetcatalog; path = Assets.xcassets; sourceTree = "<group>"; };
		D41470D02963BF2F00C5B336 /* Preview Assets.xcassets */ = {isa = PBXFileReference; lastKnownFileType = folder.assetcatalog; path = "Preview Assets.xcassets"; sourceTree = "<group>"; };
		D41470DC2963C8FC00C5B336 /* AltimeterSettingSource.swift */ = {isa = PBXFileReference; fileEncoding = 4; lastKnownFileType = sourcecode.swift; path = AltimeterSettingSource.swift; sourceTree = "<group>"; };
		D41470DD2963C8FC00C5B336 /* AltitudeCorrection.swift */ = {isa = PBXFileReference; fileEncoding = 4; lastKnownFileType = sourcecode.swift; path = AltitudeCorrection.swift; sourceTree = "<group>"; };
		D41470E02963C9C000C5B336 /* TypeAliases.swift */ = {isa = PBXFileReference; fileEncoding = 4; lastKnownFileType = sourcecode.swift; path = TypeAliases.swift; sourceTree = "<group>"; };
		D41470E12963C9C000C5B336 /* StandardAtmosphere.swift */ = {isa = PBXFileReference; fileEncoding = 4; lastKnownFileType = sourcecode.swift; path = StandardAtmosphere.swift; sourceTree = "<group>"; };
		D41470E22963C9C000C5B336 /* UnitTemperatureLapseRate.swift */ = {isa = PBXFileReference; fileEncoding = 4; lastKnownFileType = sourcecode.swift; path = UnitTemperatureLapseRate.swift; sourceTree = "<group>"; };
		D41470E62963CAEF00C5B336 /* Nameable.swift */ = {isa = PBXFileReference; fileEncoding = 4; lastKnownFileType = sourcecode.swift; path = Nameable.swift; sourceTree = "<group>"; };
		D41470E72963CAEF00C5B336 /* Plate.swift */ = {isa = PBXFileReference; fileEncoding = 4; lastKnownFileType = sourcecode.swift; path = Plate.swift; sourceTree = "<group>"; };
		D41470E82963CAEF00C5B336 /* AltitudeRestriction.swift */ = {isa = PBXFileReference; fileEncoding = 4; lastKnownFileType = sourcecode.swift; path = AltitudeRestriction.swift; sourceTree = "<group>"; };
		D41470E92963CAEF00C5B336 /* Restriction.swift */ = {isa = PBXFileReference; fileEncoding = 4; lastKnownFileType = sourcecode.swift; path = Restriction.swift; sourceTree = "<group>"; };
		D41470EE2963CBAB00C5B336 /* ColdWeatherCorrection.swift */ = {isa = PBXFileReference; fileEncoding = 4; lastKnownFileType = sourcecode.swift; path = ColdWeatherCorrection.swift; sourceTree = "<group>"; };
/* End PBXFileReference section */

/* Begin PBXFrameworksBuildPhase section */
		D41470C12963BF2C00C5B336 /* Frameworks */ = {
			isa = PBXFrameworksBuildPhase;
			buildActionMask = 2147483647;
			files = (
			);
			runOnlyForDeploymentPostprocessing = 0;
		};
/* End PBXFrameworksBuildPhase section */

/* Begin PBXGroup section */
		D41470B72963BF2C00C5B336 = {
			isa = PBXGroup;
			children = (
				D41470C82963BF2C00C5B336 /* b1900 Watch App */,
				D41470BF2963BF2C00C5B336 /* Products */,
			);
			sourceTree = "<group>";
		};
		D41470BF2963BF2C00C5B336 /* Products */ = {
			isa = PBXGroup;
			children = (
				D41470BE2963BF2C00C5B336 /* b1900.app */,
				D41470C42963BF2C00C5B336 /* b1900 Watch App.app */,
			);
			name = Products;
			sourceTree = "<group>";
		};
		D41470C82963BF2C00C5B336 /* b1900 Watch App */ = {
			isa = PBXGroup;
			children = (
				D41470DB2963C6EC00C5B336 /* AltitudeCorrection */,
				D41470C92963BF2C00C5B336 /* b1900App.swift */,
				D41470CB2963BF2C00C5B336 /* ContentView.swift */,
				D41470CD2963BF2F00C5B336 /* Assets.xcassets */,
				D41470CF2963BF2F00C5B336 /* Preview Content */,
			);
			path = "b1900 Watch App";
			sourceTree = "<group>";
		};
		D41470CF2963BF2F00C5B336 /* Preview Content */ = {
			isa = PBXGroup;
			children = (
				D41470D02963BF2F00C5B336 /* Preview Assets.xcassets */,
			);
			path = "Preview Content";
			sourceTree = "<group>";
		};
		D41470DB2963C6EC00C5B336 /* AltitudeCorrection */ = {
			isa = PBXGroup;
			children = (
				D41470EE2963CBAB00C5B336 /* ColdWeatherCorrection.swift */,
				D41470E82963CAEF00C5B336 /* AltitudeRestriction.swift */,
				D41470E62963CAEF00C5B336 /* Nameable.swift */,
				D41470E72963CAEF00C5B336 /* Plate.swift */,
				D41470E92963CAEF00C5B336 /* Restriction.swift */,
				D41470E12963C9C000C5B336 /* StandardAtmosphere.swift */,
				D41470E02963C9C000C5B336 /* TypeAliases.swift */,
				D41470E22963C9C000C5B336 /* UnitTemperatureLapseRate.swift */,
				D41470DC2963C8FC00C5B336 /* AltimeterSettingSource.swift */,
				D41470DD2963C8FC00C5B336 /* AltitudeCorrection.swift */,
			);
			path = AltitudeCorrection;
			sourceTree = "<group>";
		};
/* End PBXGroup section */

/* Begin PBXNativeTarget section */
		D41470BD2963BF2C00C5B336 /* b1900 */ = {
			isa = PBXNativeTarget;
			buildConfigurationList = D41470D82963BF2F00C5B336 /* Build configuration list for PBXNativeTarget "b1900" */;
			buildPhases = (
				D41470BC2963BF2C00C5B336 /* Resources */,
				D41470D72963BF2F00C5B336 /* Embed Watch Content */,
			);
			buildRules = (
			);
			dependencies = (
				D41470C72963BF2C00C5B336 /* PBXTargetDependency */,
			);
			name = b1900;
			productName = b1900;
			productReference = D41470BE2963BF2C00C5B336 /* b1900.app */;
			productType = "com.apple.product-type.application.watchapp2-container";
		};
		D41470C32963BF2C00C5B336 /* b1900 Watch App */ = {
			isa = PBXNativeTarget;
			buildConfigurationList = D41470D42963BF2F00C5B336 /* Build configuration list for PBXNativeTarget "b1900 Watch App" */;
			buildPhases = (
				D41470C02963BF2C00C5B336 /* Sources */,
				D41470C12963BF2C00C5B336 /* Frameworks */,
				D41470C22963BF2C00C5B336 /* Resources */,
			);
			buildRules = (
			);
			dependencies = (
			);
			name = "b1900 Watch App";
			productName = "b1900 Watch App";
			productReference = D41470C42963BF2C00C5B336 /* b1900 Watch App.app */;
			productType = "com.apple.product-type.application";
		};
/* End PBXNativeTarget section */

/* Begin PBXProject section */
		D41470B82963BF2C00C5B336 /* Project object */ = {
			isa = PBXProject;
			attributes = {
				BuildIndependentTargetsInParallel = 1;
				LastSwiftUpdateCheck = 1420;
				LastUpgradeCheck = 1420;
				TargetAttributes = {
					D41470BD2963BF2C00C5B336 = {
						CreatedOnToolsVersion = 14.2;
					};
					D41470C32963BF2C00C5B336 = {
						CreatedOnToolsVersion = 14.2;
					};
				};
			};
			buildConfigurationList = D41470BB2963BF2C00C5B336 /* Build configuration list for PBXProject "b1900" */;
			compatibilityVersion = "Xcode 14.0";
			developmentRegion = en;
			hasScannedForEncodings = 0;
			knownRegions = (
				en,
				Base,
			);
			mainGroup = D41470B72963BF2C00C5B336;
			productRefGroup = D41470BF2963BF2C00C5B336 /* Products */;
			projectDirPath = "";
			projectRoot = "";
			targets = (
				D41470BD2963BF2C00C5B336 /* b1900 */,
				D41470C32963BF2C00C5B336 /* b1900 Watch App */,
			);
		};
/* End PBXProject section */

/* Begin PBXResourcesBuildPhase section */
		D41470BC2963BF2C00C5B336 /* Resources */ = {
			isa = PBXResourcesBuildPhase;
			buildActionMask = 2147483647;
			files = (
			);
			runOnlyForDeploymentPostprocessing = 0;
		};
		D41470C22963BF2C00C5B336 /* Resources */ = {
			isa = PBXResourcesBuildPhase;
			buildActionMask = 2147483647;
			files = (
				D41470D12963BF2F00C5B336 /* Preview Assets.xcassets in Resources */,
				D41470CE2963BF2F00C5B336 /* Assets.xcassets in Resources */,
			);
			runOnlyForDeploymentPostprocessing = 0;
		};
/* End PBXResourcesBuildPhase section */

/* Begin PBXSourcesBuildPhase section */
		D41470C02963BF2C00C5B336 /* Sources */ = {
			isa = PBXSourcesBuildPhase;
			buildActionMask = 2147483647;
			files = (
				D41470EF2963CBAB00C5B336 /* ColdWeatherCorrection.swift in Sources */,
				D41470EC2963CAF000C5B336 /* AltitudeRestriction.swift in Sources */,
				D41470CC2963BF2C00C5B336 /* ContentView.swift in Sources */,
				D41470EB2963CAF000C5B336 /* Plate.swift in Sources */,
				D41470ED2963CAF000C5B336 /* Restriction.swift in Sources */,
				D41470CA2963BF2C00C5B336 /* b1900App.swift in Sources */,
				D41470DE2963C8FD00C5B336 /* AltimeterSettingSource.swift in Sources */,
				D41470E32963C9C000C5B336 /* TypeAliases.swift in Sources */,
				D41470E52963C9C000C5B336 /* UnitTemperatureLapseRate.swift in Sources */,
				D41470E42963C9C000C5B336 /* StandardAtmosphere.swift in Sources */,
				D41470EA2963CAF000C5B336 /* Nameable.swift in Sources */,
				D41470DF2963C8FD00C5B336 /* AltitudeCorrection.swift in Sources */,
			);
			runOnlyForDeploymentPostprocessing = 0;
		};
/* End PBXSourcesBuildPhase section */

/* Begin PBXTargetDependency section */
		D41470C72963BF2C00C5B336 /* PBXTargetDependency */ = {
			isa = PBXTargetDependency;
			target = D41470C32963BF2C00C5B336 /* b1900 Watch App */;
			targetProxy = D41470C62963BF2C00C5B336 /* PBXContainerItemProxy */;
		};
/* End PBXTargetDependency section */

/* Begin XCBuildConfiguration section */
		D41470D22963BF2F00C5B336 /* Debug */ = {
			isa = XCBuildConfiguration;
			buildSettings = {
				ALWAYS_SEARCH_USER_PATHS = NO;
				CLANG_ANALYZER_NONNULL = YES;
				CLANG_ANALYZER_NUMBER_OBJECT_CONVERSION = YES_AGGRESSIVE;
				CLANG_CXX_LANGUAGE_STANDARD = "gnu++20";
				CLANG_ENABLE_MODULES = YES;
				CLANG_ENABLE_OBJC_ARC = YES;
				CLANG_ENABLE_OBJC_WEAK = YES;
				CLANG_WARN_BLOCK_CAPTURE_AUTORELEASING = YES;
				CLANG_WARN_BOOL_CONVERSION = YES;
				CLANG_WARN_COMMA = YES;
				CLANG_WARN_CONSTANT_CONVERSION = YES;
				CLANG_WARN_DEPRECATED_OBJC_IMPLEMENTATIONS = YES;
				CLANG_WARN_DIRECT_OBJC_ISA_USAGE = YES_ERROR;
				CLANG_WARN_DOCUMENTATION_COMMENTS = YES;
				CLANG_WARN_EMPTY_BODY = YES;
				CLANG_WARN_ENUM_CONVERSION = YES;
				CLANG_WARN_INFINITE_RECURSION = YES;
				CLANG_WARN_INT_CONVERSION = YES;
				CLANG_WARN_NON_LITERAL_NULL_CONVERSION = YES;
				CLANG_WARN_OBJC_IMPLICIT_RETAIN_SELF = YES;
				CLANG_WARN_OBJC_LITERAL_CONVERSION = YES;
				CLANG_WARN_OBJC_ROOT_CLASS = YES_ERROR;
				CLANG_WARN_QUOTED_INCLUDE_IN_FRAMEWORK_HEADER = YES;
				CLANG_WARN_RANGE_LOOP_ANALYSIS = YES;
				CLANG_WARN_STRICT_PROTOTYPES = YES;
				CLANG_WARN_SUSPICIOUS_MOVE = YES;
				CLANG_WARN_UNGUARDED_AVAILABILITY = YES_AGGRESSIVE;
				CLANG_WARN_UNREACHABLE_CODE = YES;
				CLANG_WARN__DUPLICATE_METHOD_MATCH = YES;
				COPY_PHASE_STRIP = NO;
				DEBUG_INFORMATION_FORMAT = dwarf;
				ENABLE_STRICT_OBJC_MSGSEND = YES;
				ENABLE_TESTABILITY = YES;
				GCC_C_LANGUAGE_STANDARD = gnu11;
				GCC_DYNAMIC_NO_PIC = NO;
				GCC_NO_COMMON_BLOCKS = YES;
				GCC_OPTIMIZATION_LEVEL = 0;
				GCC_PREPROCESSOR_DEFINITIONS = (
					"DEBUG=1",
					"$(inherited)",
				);
				GCC_WARN_64_TO_32_BIT_CONVERSION = YES;
				GCC_WARN_ABOUT_RETURN_TYPE = YES_ERROR;
				GCC_WARN_UNDECLARED_SELECTOR = YES;
				GCC_WARN_UNINITIALIZED_AUTOS = YES_AGGRESSIVE;
				GCC_WARN_UNUSED_FUNCTION = YES;
				GCC_WARN_UNUSED_VARIABLE = YES;
				MTL_ENABLE_DEBUG_INFO = INCLUDE_SOURCE;
				MTL_FAST_MATH = YES;
				ONLY_ACTIVE_ARCH = YES;
				SWIFT_ACTIVE_COMPILATION_CONDITIONS = DEBUG;
				SWIFT_OPTIMIZATION_LEVEL = "-Onone";
			};
			name = Debug;
		};
		D41470D32963BF2F00C5B336 /* Release */ = {
			isa = XCBuildConfiguration;
			buildSettings = {
				ALWAYS_SEARCH_USER_PATHS = NO;
				CLANG_ANALYZER_NONNULL = YES;
				CLANG_ANALYZER_NUMBER_OBJECT_CONVERSION = YES_AGGRESSIVE;
				CLANG_CXX_LANGUAGE_STANDARD = "gnu++20";
				CLANG_ENABLE_MODULES = YES;
				CLANG_ENABLE_OBJC_ARC = YES;
				CLANG_ENABLE_OBJC_WEAK = YES;
				CLANG_WARN_BLOCK_CAPTURE_AUTORELEASING = YES;
				CLANG_WARN_BOOL_CONVERSION = YES;
				CLANG_WARN_COMMA = YES;
				CLANG_WARN_CONSTANT_CONVERSION = YES;
				CLANG_WARN_DEPRECATED_OBJC_IMPLEMENTATIONS = YES;
				CLANG_WARN_DIRECT_OBJC_ISA_USAGE = YES_ERROR;
				CLANG_WARN_DOCUMENTATION_COMMENTS = YES;
				CLANG_WARN_EMPTY_BODY = YES;
				CLANG_WARN_ENUM_CONVERSION = YES;
				CLANG_WARN_INFINITE_RECURSION = YES;
				CLANG_WARN_INT_CONVERSION = YES;
				CLANG_WARN_NON_LITERAL_NULL_CONVERSION = YES;
				CLANG_WARN_OBJC_IMPLICIT_RETAIN_SELF = YES;
				CLANG_WARN_OBJC_LITERAL_CONVERSION = YES;
				CLANG_WARN_OBJC_ROOT_CLASS = YES_ERROR;
				CLANG_WARN_QUOTED_INCLUDE_IN_FRAMEWORK_HEADER = YES;
				CLANG_WARN_RANGE_LOOP_ANALYSIS = YES;
				CLANG_WARN_STRICT_PROTOTYPES = YES;
				CLANG_WARN_SUSPICIOUS_MOVE = YES;
				CLANG_WARN_UNGUARDED_AVAILABILITY = YES_AGGRESSIVE;
				CLANG_WARN_UNREACHABLE_CODE = YES;
				CLANG_WARN__DUPLICATE_METHOD_MATCH = YES;
				COPY_PHASE_STRIP = NO;
				DEBUG_INFORMATION_FORMAT = "dwarf-with-dsym";
				ENABLE_NS_ASSERTIONS = NO;
				ENABLE_STRICT_OBJC_MSGSEND = YES;
				GCC_C_LANGUAGE_STANDARD = gnu11;
				GCC_NO_COMMON_BLOCKS = YES;
				GCC_WARN_64_TO_32_BIT_CONVERSION = YES;
				GCC_WARN_ABOUT_RETURN_TYPE = YES_ERROR;
				GCC_WARN_UNDECLARED_SELECTOR = YES;
				GCC_WARN_UNINITIALIZED_AUTOS = YES_AGGRESSIVE;
				GCC_WARN_UNUSED_FUNCTION = YES;
				GCC_WARN_UNUSED_VARIABLE = YES;
				MTL_ENABLE_DEBUG_INFO = NO;
				MTL_FAST_MATH = YES;
				SWIFT_COMPILATION_MODE = wholemodule;
				SWIFT_OPTIMIZATION_LEVEL = "-O";
			};
			name = Release;
		};
		D41470D52963BF2F00C5B336 /* Debug */ = {
			isa = XCBuildConfiguration;
			buildSettings = {
				ASSETCATALOG_COMPILER_APPICON_NAME = AppIcon;
				ASSETCATALOG_COMPILER_GLOBAL_ACCENT_COLOR_NAME = AccentColor;
				CODE_SIGN_STYLE = Automatic;
				CURRENT_PROJECT_VERSION = 1;
				DEVELOPMENT_ASSET_PATHS = "\"b1900 Watch App/Preview Content\"";
				ENABLE_PREVIEWS = YES;
				GENERATE_INFOPLIST_FILE = YES;
				INFOPLIST_KEY_CFBundleDisplayName = b1900;
				INFOPLIST_KEY_UISupportedInterfaceOrientations = "UIInterfaceOrientationPortrait UIInterfaceOrientationPortraitUpsideDown";
				INFOPLIST_KEY_WKWatchOnly = YES;
				LD_RUNPATH_SEARCH_PATHS = (
					"$(inherited)",
					"@executable_path/Frameworks",
				);
				MARKETING_VERSION = 1.0;
				PRODUCT_BUNDLE_IDENTIFIER = ca.centerline.b1900.watchkitapp;
				PRODUCT_NAME = "$(TARGET_NAME)";
				SDKROOT = watchos;
				SKIP_INSTALL = YES;
				SWIFT_EMIT_LOC_STRINGS = YES;
				SWIFT_VERSION = 5.0;
				TARGETED_DEVICE_FAMILY = 4;
				WATCHOS_DEPLOYMENT_TARGET = 9.1;
			};
			name = Debug;
		};
		D41470D62963BF2F00C5B336 /* Release */ = {
			isa = XCBuildConfiguration;
			buildSettings = {
				ASSETCATALOG_COMPILER_APPICON_NAME = AppIcon;
				ASSETCATALOG_COMPILER_GLOBAL_ACCENT_COLOR_NAME = AccentColor;
				CODE_SIGN_STYLE = Automatic;
				CURRENT_PROJECT_VERSION = 1;
				DEVELOPMENT_ASSET_PATHS = "\"b1900 Watch App/Preview Content\"";
				ENABLE_PREVIEWS = YES;
				GENERATE_INFOPLIST_FILE = YES;
				INFOPLIST_KEY_CFBundleDisplayName = b1900;
				INFOPLIST_KEY_UISupportedInterfaceOrientations = "UIInterfaceOrientationPortrait UIInterfaceOrientationPortraitUpsideDown";
				INFOPLIST_KEY_WKWatchOnly = YES;
				LD_RUNPATH_SEARCH_PATHS = (
					"$(inherited)",
					"@executable_path/Frameworks",
				);
				MARKETING_VERSION = 1.0;
				PRODUCT_BUNDLE_IDENTIFIER = ca.centerline.b1900.watchkitapp;
				PRODUCT_NAME = "$(TARGET_NAME)";
				SDKROOT = watchos;
				SKIP_INSTALL = YES;
				SWIFT_EMIT_LOC_STRINGS = YES;
				SWIFT_VERSION = 5.0;
				TARGETED_DEVICE_FAMILY = 4;
				VALIDATE_PRODUCT = YES;
				WATCHOS_DEPLOYMENT_TARGET = 9.1;
			};
			name = Release;
		};
		D41470D92963BF2F00C5B336 /* Debug */ = {
			isa = XCBuildConfiguration;
			buildSettings = {
				ALWAYS_EMBED_SWIFT_STANDARD_LIBRARIES = YES;
				CODE_SIGN_STYLE = Automatic;
				CURRENT_PROJECT_VERSION = 1;
				DEVELOPMENT_TEAM = 4DY92MY89G;
				INFOPLIST_KEY_CFBundleDisplayName = b1900;
				MARKETING_VERSION = 1.0;
				PRODUCT_BUNDLE_IDENTIFIER = ca.centerline.b1900;
				PRODUCT_NAME = "$(TARGET_NAME)";
				SDKROOT = iphoneos;
				SWIFT_VERSION = 5.0;
			};
			name = Debug;
		};
		D41470DA2963BF2F00C5B336 /* Release */ = {
			isa = XCBuildConfiguration;
			buildSettings = {
				ALWAYS_EMBED_SWIFT_STANDARD_LIBRARIES = YES;
				CODE_SIGN_STYLE = Automatic;
				CURRENT_PROJECT_VERSION = 1;
				DEVELOPMENT_TEAM = 4DY92MY89G;
				INFOPLIST_KEY_CFBundleDisplayName = b1900;
				MARKETING_VERSION = 1.0;
				PRODUCT_BUNDLE_IDENTIFIER = ca.centerline.b1900;
				PRODUCT_NAME = "$(TARGET_NAME)";
				SDKROOT = iphoneos;
				SWIFT_VERSION = 5.0;
				VALIDATE_PRODUCT = YES;
			};
			name = Release;
		};
/* End XCBuildConfiguration section */

/* Begin XCConfigurationList section */
		D41470BB2963BF2C00C5B336 /* Build configuration list for PBXProject "b1900" */ = {
			isa = XCConfigurationList;
			buildConfigurations = (
				D41470D22963BF2F00C5B336 /* Debug */,
				D41470D32963BF2F00C5B336 /* Release */,
			);
			defaultConfigurationIsVisible = 0;
			defaultConfigurationName = Release;
		};
		D41470D42963BF2F00C5B336 /* Build configuration list for PBXNativeTarget "b1900 Watch App" */ = {
			isa = XCConfigurationList;
			buildConfigurations = (
				D41470D52963BF2F00C5B336 /* Debug */,
				D41470D62963BF2F00C5B336 /* Release */,
			);
			defaultConfigurationIsVisible = 0;
			defaultConfigurationName = Release;
		};
		D41470D82963BF2F00C5B336 /* Build configuration list for PBXNativeTarget "b1900" */ = {
			isa = XCConfigurationList;
			buildConfigurations = (
				D41470D92963BF2F00C5B336 /* Debug */,
				D41470DA2963BF2F00C5B336 /* Release */,
			);
			defaultConfigurationIsVisible = 0;
			defaultConfigurationName = Release;
		};
/* End XCConfigurationList section */
	};
	rootObject = D41470B82963BF2C00C5B336 /* Project object */;
}
